
Microsoft Visual Studio Solution File, Format Version 12.00
# Visual Studio 15
VisualStudioVersion = 15.0.28010.2041
MinimumVisualStudioVersion = 10.0.40219.1
Project("{9A19103F-16F7-4668-BE54-9A1E7A4F7556}") = "Todo", "Todo.csproj", "{81D63FA8-7B8A-411F-87FD-9821073F5E06}"
EndProject
Global
	GlobalSection(SolutionConfigurationPlatforms) = preSolution
		Debug|Any CPU = Debug|Any CPU
		Release|Any CPU = Release|Any CPU
	EndGlobalSection
	GlobalSection(ProjectConfigurationPlatforms) = postSolution
		{81D63FA8-7B8A-411F-87FD-9821073F5E06}.Debug|Any CPU.ActiveCfg = Debug|Any CPU
		{81D63FA8-7B8A-411F-87FD-9821073F5E06}.Debug|Any CPU.Build.0 = Debug|Any CPU
		{81D63FA8-7B8A-411F-87FD-9821073F5E06}.Release|Any CPU.ActiveCfg = Release|Any CPU
		{81D63FA8-7B8A-411F-87FD-9821073F5E06}.Release|Any CPU.Build.0 = Release|Any CPU
	EndGlobalSection
	GlobalSection(SolutionProperties) = preSolution
		HideSolutionNode = FALSE
	EndGlobalSection
	GlobalSection(ExtensibilityGlobals) = postSolution
		SolutionGuid = {1192432B-04B6-45FC-9733-2405C5D936CD}
	EndGlobalSection
EndGlobal
